
Microsoft Visual Studio Solution File, Format Version 12.00
# Visual Studio Version 16
VisualStudioVersion = 16.0.30413.136
MinimumVisualStudioVersion = 10.0.40219.1
Project("{FAE04EC0-301F-11D3-BF4B-00C04F79EFBC}") = "SemiAutomatic", "SemiAutomatic\SemiAutomatic.csproj", "{7CE5E704-6174-467C-B9AB-10F26A066FF6}"
EndProject
Project("{FAE04EC0-301F-11D3-BF4B-00C04F79EFBC}") = "WpfTest", "WpfTest\WpfTest.csproj", "{F562F88B-876A-4C01-AB88-545469432A51}"
EndProject
Project("{FAE04EC0-301F-11D3-BF4B-00C04F79EFBC}") = "Externals", "Externals\Externals.csproj", "{CBA016A1-FCAA-4F13-9B21-BEF8DF7AA341}"
EndProject
Global
	GlobalSection(SolutionConfigurationPlatforms) = preSolution
		Debug|Any CPU = Debug|Any CPU
		Release|Any CPU = Release|Any CPU
	EndGlobalSection
	GlobalSection(ProjectConfigurationPlatforms) = postSolution
		{7CE5E704-6174-467C-B9AB-10F26A066FF6}.Debug|Any CPU.ActiveCfg = Debug|Any CPU
		{7CE5E704-6174-467C-B9AB-10F26A066FF6}.Debug|Any CPU.Build.0 = Debug|Any CPU
		{7CE5E704-6174-467C-B9AB-10F26A066FF6}.Release|Any CPU.ActiveCfg = Release|Any CPU
		{7CE5E704-6174-467C-B9AB-10F26A066FF6}.Release|Any CPU.Build.0 = Release|Any CPU
		{F562F88B-876A-4C01-AB88-545469432A51}.Debug|Any CPU.ActiveCfg = Debug|Any CPU
		{F562F88B-876A-4C01-AB88-545469432A51}.Debug|Any CPU.Build.0 = Debug|Any CPU
		{F562F88B-876A-4C01-AB88-545469432A51}.Release|Any CPU.ActiveCfg = Release|Any CPU
		{F562F88B-876A-4C01-AB88-545469432A51}.Release|Any CPU.Build.0 = Release|Any CPU
		{CBA016A1-FCAA-4F13-9B21-BEF8DF7AA341}.Debug|Any CPU.ActiveCfg = Debug|Any CPU
		{CBA016A1-FCAA-4F13-9B21-BEF8DF7AA341}.Debug|Any CPU.Build.0 = Debug|Any CPU
		{CBA016A1-FCAA-4F13-9B21-BEF8DF7AA341}.Release|Any CPU.ActiveCfg = Release|Any CPU
		{CBA016A1-FCAA-4F13-9B21-BEF8DF7AA341}.Release|Any CPU.Build.0 = Release|Any CPU
	EndGlobalSection
	GlobalSection(SolutionProperties) = preSolution
		HideSolutionNode = FALSE
	EndGlobalSection
	GlobalSection(ExtensibilityGlobals) = postSolution
		SolutionGuid = {C14A41D1-20B2-4EE0-B261-12619A33F17A}
	EndGlobalSection
EndGlobal
